
Microsoft Visual Studio Solution File, Format Version 12.00
# Visual Studio Version 17
VisualStudioVersion = 17.10.35027.167
MinimumVisualStudioVersion = 10.0.40219.1
Project("{9A19103F-16F7-4668-BE54-9A1E7A4F7556}") = "DentalNUB.Api", "DentalNUBApi\DentalNUB.Api.csproj", "{BD2AA9A7-6CE4-4694-900A-A03881528225}"
EndProject
Global
	GlobalSection(SolutionConfigurationPlatforms) = preSolution
		Debug|Any CPU = Debug|Any CPU
		Release|Any CPU = Release|Any CPU
	EndGlobalSection
	GlobalSection(ProjectConfigurationPlatforms) = postSolution
		{BD2AA9A7-6CE4-4694-900A-A03881528225}.Debug|Any CPU.ActiveCfg = Debug|Any CPU
		{BD2AA9A7-6CE4-4694-900A-A03881528225}.Debug|Any CPU.Build.0 = Debug|Any CPU
		{BD2AA9A7-6CE4-4694-900A-A03881528225}.Release|Any CPU.ActiveCfg = Release|Any CPU
		{BD2AA9A7-6CE4-4694-900A-A03881528225}.Release|Any CPU.Build.0 = Release|Any CPU
	EndGlobalSection
	GlobalSection(SolutionProperties) = preSolution
		HideSolutionNode = FALSE
	EndGlobalSection
	GlobalSection(ExtensibilityGlobals) = postSolution
		SolutionGuid = {7EA99F04-89D1-43D7-AA29-D9800E4FFF7E}
	EndGlobalSection
EndGlobal
